
Microsoft Visual Studio Solution File, Format Version 12.00
# Visual Studio Version 17
VisualStudioVersion = 17.6.33723.286
MinimumVisualStudioVersion = 10.0.40219.1
Project("{FAE04EC0-301F-11D3-BF4B-00C04F79EFBC}") = "EmployeeApplication", "EmployeeApplication\EmployeeApplication.csproj", "{A7DEBDC7-3CBF-4979-A4AD-FE7A9425D707}"
EndProject
Global
	GlobalSection(SolutionConfigurationPlatforms) = preSolution
		Debug|Any CPU = Debug|Any CPU
		Release|Any CPU = Release|Any CPU
	EndGlobalSection
	GlobalSection(ProjectConfigurationPlatforms) = postSolution
		{A7DEBDC7-3CBF-4979-A4AD-FE7A9425D707}.Debug|Any CPU.ActiveCfg = Debug|Any CPU
		{A7DEBDC7-3CBF-4979-A4AD-FE7A9425D707}.Debug|Any CPU.Build.0 = Debug|Any CPU
		{A7DEBDC7-3CBF-4979-A4AD-FE7A9425D707}.Release|Any CPU.ActiveCfg = Release|Any CPU
		{A7DEBDC7-3CBF-4979-A4AD-FE7A9425D707}.Release|Any CPU.Build.0 = Release|Any CPU
	EndGlobalSection
	GlobalSection(SolutionProperties) = preSolution
		HideSolutionNode = FALSE
	EndGlobalSection
	GlobalSection(ExtensibilityGlobals) = postSolution
		SolutionGuid = {9C578A1D-2FBC-4BC4-ABA5-A220903AFE67}
	EndGlobalSection
EndGlobal
